
Microsoft Visual Studio Solution File, Format Version 12.00
# Visual Studio Version 16
VisualStudioVersion = 16.0.31205.134
MinimumVisualStudioVersion = 10.0.40219.1
Project("{9A19103F-16F7-4668-BE54-9A1E7A4F7556}") = "EX7", "EX7\EX7.csproj", "{22671BE6-5BFC-46D6-AB5C-AEFB8BC44CC6}"
EndProject
Project("{FAE04EC0-301F-11D3-BF4B-00C04F79EFBC}") = "EX 7.2", "EX 7.2\EX 7.2.csproj", "{0D1270D7-16BE-4130-ACE1-E9054F8F2221}"
EndProject
Global
	GlobalSection(SolutionConfigurationPlatforms) = preSolution
		Debug|Any CPU = Debug|Any CPU
		Release|Any CPU = Release|Any CPU
	EndGlobalSection
	GlobalSection(ProjectConfigurationPlatforms) = postSolution
		{22671BE6-5BFC-46D6-AB5C-AEFB8BC44CC6}.Debug|Any CPU.ActiveCfg = Debug|Any CPU
		{22671BE6-5BFC-46D6-AB5C-AEFB8BC44CC6}.Debug|Any CPU.Build.0 = Debug|Any CPU
		{22671BE6-5BFC-46D6-AB5C-AEFB8BC44CC6}.Release|Any CPU.ActiveCfg = Release|Any CPU
		{22671BE6-5BFC-46D6-AB5C-AEFB8BC44CC6}.Release|Any CPU.Build.0 = Release|Any CPU
		{0D1270D7-16BE-4130-ACE1-E9054F8F2221}.Debug|Any CPU.ActiveCfg = Debug|Any CPU
		{0D1270D7-16BE-4130-ACE1-E9054F8F2221}.Debug|Any CPU.Build.0 = Debug|Any CPU
		{0D1270D7-16BE-4130-ACE1-E9054F8F2221}.Release|Any CPU.ActiveCfg = Release|Any CPU
		{0D1270D7-16BE-4130-ACE1-E9054F8F2221}.Release|Any CPU.Build.0 = Release|Any CPU
	EndGlobalSection
	GlobalSection(SolutionProperties) = preSolution
		HideSolutionNode = FALSE
	EndGlobalSection
	GlobalSection(ExtensibilityGlobals) = postSolution
		SolutionGuid = {946F5558-2DEF-42B9-8A59-DB44D2156312}
	EndGlobalSection
EndGlobal
